
Microsoft Visual Studio Solution File, Format Version 12.00
# Visual Studio Version 17
VisualStudioVersion = 17.9.34728.123
MinimumVisualStudioVersion = 10.0.40219.1
Project("{FAE04EC0-301F-11D3-BF4B-00C04F79EFBC}") = "dudego", "dudego\dudego.csproj", "{FA4F05DD-EE49-42A4-8591-008ADAB05850}"
EndProject
Global
	GlobalSection(SolutionConfigurationPlatforms) = preSolution
		Debug|Any CPU = Debug|Any CPU
		Release|Any CPU = Release|Any CPU
	EndGlobalSection
	GlobalSection(ProjectConfigurationPlatforms) = postSolution
		{FA4F05DD-EE49-42A4-8591-008ADAB05850}.Debug|Any CPU.ActiveCfg = Debug|Any CPU
		{FA4F05DD-EE49-42A4-8591-008ADAB05850}.Debug|Any CPU.Build.0 = Debug|Any CPU
		{FA4F05DD-EE49-42A4-8591-008ADAB05850}.Release|Any CPU.ActiveCfg = Release|Any CPU
		{FA4F05DD-EE49-42A4-8591-008ADAB05850}.Release|Any CPU.Build.0 = Release|Any CPU
	EndGlobalSection
	GlobalSection(SolutionProperties) = preSolution
		HideSolutionNode = FALSE
	EndGlobalSection
	GlobalSection(ExtensibilityGlobals) = postSolution
		SolutionGuid = {5F2B266F-2ECB-45D8-91B4-9694F41C561C}
	EndGlobalSection
EndGlobal
